
Microsoft Visual Studio Solution File, Format Version 12.00
# Visual Studio Version 17
VisualStudioVersion = 17.7.34024.191
MinimumVisualStudioVersion = 10.0.40219.1
Project("{9A19103F-16F7-4668-BE54-9A1E7A4F7556}") = "HockeyData", "HockeyData\HockeyData.csproj", "{3C1D29FB-46BD-46FA-8A99-EE6D19F70DEE}"
EndProject
Project("{9A19103F-16F7-4668-BE54-9A1E7A4F7556}") = "Utilities", "Utilities\Utilities.csproj", "{B99AC0D1-512A-4718-A03C-37EA0225F91C}"
EndProject
Project("{9A19103F-16F7-4668-BE54-9A1E7A4F7556}") = "HockeyConsoleApp", "HockeyConsoleApp\HockeyConsoleApp.csproj", "{C60AB654-7166-4243-823D-AC2DB37D49E9}"
EndProject
Project("{9A19103F-16F7-4668-BE54-9A1E7A4F7556}") = "HockeyTestProject", "HockeyTestProject\HockeyTestProject.csproj", "{D7C72A88-3321-4326-ADA9-925A7BB7F0C3}"
EndProject
Project("{9A19103F-16F7-4668-BE54-9A1E7A4F7556}") = "UtilitiesTestProject", "UtilitiesTestProject\UtilitiesTestProject.csproj", "{4698536E-7F42-40F3-88E5-83C5250E8D5E}"
EndProject
Project("{9A19103F-16F7-4668-BE54-9A1E7A4F7556}") = "BlazorSampleApp", "BlazorSampleApp\BlazorSampleApp.csproj", "{AA062E61-197F-42C4-9AEF-F49450B279DB}"
EndProject
Project("{9A19103F-16F7-4668-BE54-9A1E7A4F7556}") = "WestWindSystem", "WestWindSystem\WestWindSystem.csproj", "{38DE05FE-17E6-44E9-BF9E-64F07C09FC54}"
EndProject
Project("{9A19103F-16F7-4668-BE54-9A1E7A4F7556}") = "WestWindWebApp", "WestWindWebApp\WestWindWebApp.csproj", "{DE1E7DF4-FAF5-4D88-B9D3-84085DC140B3}"
EndProject
Project("{9A19103F-16F7-4668-BE54-9A1E7A4F7556}") = "WestWindConsoleApp", "WestWindConsoleApp\WestWindConsoleApp.csproj", "{6FA8549A-E3E6-4601-94CC-470B65251665}"
EndProject
Global
	GlobalSection(SolutionConfigurationPlatforms) = preSolution
		Debug|Any CPU = Debug|Any CPU
		Release|Any CPU = Release|Any CPU
	EndGlobalSection
	GlobalSection(ProjectConfigurationPlatforms) = postSolution
		{3C1D29FB-46BD-46FA-8A99-EE6D19F70DEE}.Debug|Any CPU.ActiveCfg = Debug|Any CPU
		{3C1D29FB-46BD-46FA-8A99-EE6D19F70DEE}.Debug|Any CPU.Build.0 = Debug|Any CPU
		{3C1D29FB-46BD-46FA-8A99-EE6D19F70DEE}.Release|Any CPU.ActiveCfg = Release|Any CPU
		{3C1D29FB-46BD-46FA-8A99-EE6D19F70DEE}.Release|Any CPU.Build.0 = Release|Any CPU
		{B99AC0D1-512A-4718-A03C-37EA0225F91C}.Debug|Any CPU.ActiveCfg = Debug|Any CPU
		{B99AC0D1-512A-4718-A03C-37EA0225F91C}.Debug|Any CPU.Build.0 = Debug|Any CPU
		{B99AC0D1-512A-4718-A03C-37EA0225F91C}.Release|Any CPU.ActiveCfg = Release|Any CPU
		{B99AC0D1-512A-4718-A03C-37EA0225F91C}.Release|Any CPU.Build.0 = Release|Any CPU
		{C60AB654-7166-4243-823D-AC2DB37D49E9}.Debug|Any CPU.ActiveCfg = Debug|Any CPU
		{C60AB654-7166-4243-823D-AC2DB37D49E9}.Debug|Any CPU.Build.0 = Debug|Any CPU
		{C60AB654-7166-4243-823D-AC2DB37D49E9}.Release|Any CPU.ActiveCfg = Release|Any CPU
		{C60AB654-7166-4243-823D-AC2DB37D49E9}.Release|Any CPU.Build.0 = Release|Any CPU
		{D7C72A88-3321-4326-ADA9-925A7BB7F0C3}.Debug|Any CPU.ActiveCfg = Debug|Any CPU
		{D7C72A88-3321-4326-ADA9-925A7BB7F0C3}.Debug|Any CPU.Build.0 = Debug|Any CPU
		{D7C72A88-3321-4326-ADA9-925A7BB7F0C3}.Release|Any CPU.ActiveCfg = Release|Any CPU
		{D7C72A88-3321-4326-ADA9-925A7BB7F0C3}.Release|Any CPU.Build.0 = Release|Any CPU
		{4698536E-7F42-40F3-88E5-83C5250E8D5E}.Debug|Any CPU.ActiveCfg = Debug|Any CPU
		{4698536E-7F42-40F3-88E5-83C5250E8D5E}.Debug|Any CPU.Build.0 = Debug|Any CPU
		{4698536E-7F42-40F3-88E5-83C5250E8D5E}.Release|Any CPU.ActiveCfg = Release|Any CPU
		{4698536E-7F42-40F3-88E5-83C5250E8D5E}.Release|Any CPU.Build.0 = Release|Any CPU
		{AA062E61-197F-42C4-9AEF-F49450B279DB}.Debug|Any CPU.ActiveCfg = Debug|Any CPU
		{AA062E61-197F-42C4-9AEF-F49450B279DB}.Debug|Any CPU.Build.0 = Debug|Any CPU
		{AA062E61-197F-42C4-9AEF-F49450B279DB}.Release|Any CPU.ActiveCfg = Release|Any CPU
		{AA062E61-197F-42C4-9AEF-F49450B279DB}.Release|Any CPU.Build.0 = Release|Any CPU
		{38DE05FE-17E6-44E9-BF9E-64F07C09FC54}.Debug|Any CPU.ActiveCfg = Debug|Any CPU
		{38DE05FE-17E6-44E9-BF9E-64F07C09FC54}.Debug|Any CPU.Build.0 = Debug|Any CPU
		{38DE05FE-17E6-44E9-BF9E-64F07C09FC54}.Release|Any CPU.ActiveCfg = Release|Any CPU
		{38DE05FE-17E6-44E9-BF9E-64F07C09FC54}.Release|Any CPU.Build.0 = Release|Any CPU
		{DE1E7DF4-FAF5-4D88-B9D3-84085DC140B3}.Debug|Any CPU.ActiveCfg = Debug|Any CPU
		{DE1E7DF4-FAF5-4D88-B9D3-84085DC140B3}.Debug|Any CPU.Build.0 = Debug|Any CPU
		{DE1E7DF4-FAF5-4D88-B9D3-84085DC140B3}.Release|Any CPU.ActiveCfg = Release|Any CPU
		{DE1E7DF4-FAF5-4D88-B9D3-84085DC140B3}.Release|Any CPU.Build.0 = Release|Any CPU
		{6FA8549A-E3E6-4601-94CC-470B65251665}.Debug|Any CPU.ActiveCfg = Debug|Any CPU
		{6FA8549A-E3E6-4601-94CC-470B65251665}.Debug|Any CPU.Build.0 = Debug|Any CPU
		{6FA8549A-E3E6-4601-94CC-470B65251665}.Release|Any CPU.ActiveCfg = Release|Any CPU
		{6FA8549A-E3E6-4601-94CC-470B65251665}.Release|Any CPU.Build.0 = Release|Any CPU
	EndGlobalSection
	GlobalSection(SolutionProperties) = preSolution
		HideSolutionNode = FALSE
	EndGlobalSection
	GlobalSection(ExtensibilityGlobals) = postSolution
		SolutionGuid = {C10DF737-6256-47FE-B95F-53F413AC4D57}
	EndGlobalSection
EndGlobal
